
Microsoft Visual Studio Solution File, Format Version 12.00
# Visual Studio Version 16
VisualStudioVersion = 16.0.30011.22
MinimumVisualStudioVersion = 10.0.40219.1
Project("{9A19103F-16F7-4668-BE54-9A1E7A4F7556}") = "GradeBook", "GradeBook\GradeBook.csproj", "{B735151D-5E8F-4AF8-9F0C-5EF9DA0F0952}"
EndProject
Project("{FAE04EC0-301F-11D3-BF4B-00C04F79EFBC}") = "GradeBook.Tests", "GradeBook.Tests\GradeBook.Tests.csproj", "{DD6340AD-F016-4F95-A223-50DB5DC91009}"
EndProject
Global
	GlobalSection(SolutionConfigurationPlatforms) = preSolution
		Debug|Any CPU = Debug|Any CPU
		Release|Any CPU = Release|Any CPU
	EndGlobalSection
	GlobalSection(ProjectConfigurationPlatforms) = postSolution
		{B735151D-5E8F-4AF8-9F0C-5EF9DA0F0952}.Debug|Any CPU.ActiveCfg = Debug|Any CPU
		{B735151D-5E8F-4AF8-9F0C-5EF9DA0F0952}.Debug|Any CPU.Build.0 = Debug|Any CPU
		{B735151D-5E8F-4AF8-9F0C-5EF9DA0F0952}.Release|Any CPU.ActiveCfg = Release|Any CPU
		{B735151D-5E8F-4AF8-9F0C-5EF9DA0F0952}.Release|Any CPU.Build.0 = Release|Any CPU
		{DD6340AD-F016-4F95-A223-50DB5DC91009}.Debug|Any CPU.ActiveCfg = Debug|Any CPU
		{DD6340AD-F016-4F95-A223-50DB5DC91009}.Debug|Any CPU.Build.0 = Debug|Any CPU
		{DD6340AD-F016-4F95-A223-50DB5DC91009}.Release|Any CPU.ActiveCfg = Release|Any CPU
		{DD6340AD-F016-4F95-A223-50DB5DC91009}.Release|Any CPU.Build.0 = Release|Any CPU
	EndGlobalSection
	GlobalSection(SolutionProperties) = preSolution
		HideSolutionNode = FALSE
	EndGlobalSection
	GlobalSection(ExtensibilityGlobals) = postSolution
		SolutionGuid = {943A7EBF-F3D2-405E-BEF5-1D9B0B5D16B3}
	EndGlobalSection
EndGlobal
